
Microsoft Visual Studio Solution File, Format Version 12.00
# Visual Studio Version 16
VisualStudioVersion = 16.0.29306.81
MinimumVisualStudioVersion = 10.0.40219.1
Project("{FAE04EC0-301F-11D3-BF4B-00C04F79EFBC}") = "WebAPI", "WebAPI\WebAPI.csproj", "{F850609C-BB38-4F8E-BC6F-C1DBD965C48F}"
EndProject
Global
	GlobalSection(SolutionConfigurationPlatforms) = preSolution
		Debug|Any CPU = Debug|Any CPU
		Release|Any CPU = Release|Any CPU
	EndGlobalSection
	GlobalSection(ProjectConfigurationPlatforms) = postSolution
		{F850609C-BB38-4F8E-BC6F-C1DBD965C48F}.Debug|Any CPU.ActiveCfg = Debug|Any CPU
		{F850609C-BB38-4F8E-BC6F-C1DBD965C48F}.Debug|Any CPU.Build.0 = Debug|Any CPU
		{F850609C-BB38-4F8E-BC6F-C1DBD965C48F}.Release|Any CPU.ActiveCfg = Release|Any CPU
		{F850609C-BB38-4F8E-BC6F-C1DBD965C48F}.Release|Any CPU.Build.0 = Release|Any CPU
	EndGlobalSection
	GlobalSection(SolutionProperties) = preSolution
		HideSolutionNode = FALSE
	EndGlobalSection
	GlobalSection(ExtensibilityGlobals) = postSolution
		SolutionGuid = {D14773CC-B12E-4B3D-B4B1-F9422DE3F78F}
	EndGlobalSection
EndGlobal
